<?xml version="1.0" encoding="utf-8"?>
<Project ToolsVersion="4.0" xmlns="http://schemas.microsoft.com/developer/msbuild/2003">
  <ItemGroup>
    <ClCompile Include="Framework\App.cpp">
      <Filter>Framework</Filter>
    </ClCompile>
    <ClCompile Include="Framework\WinMain.cpp">
      <Filter>Framework</Filter>
    </ClCompile>
    <ClCompile Include="SoftRender01-Framework.cpp" />
    <ClCompile Include="Core\Float2.cpp">
      <Filter>Core\Math</Filter>
    </ClCompile>
    <ClCompile Include="Core\Float3.cpp">
      <Filter>Core\Math</Filter>
    </ClCompile>
    <ClCompile Include="Core\Float4.cpp">
      <Filter>Core\Math</Filter>
    </ClCompile>
    <ClCompile Include="Core\Mat4.cpp">
      <Filter>Core\Math</Filter>
    </ClCompile>
    <ClCompile Include="Core\Quat.cpp">
      <Filter>Core\Math</Filter>
    </ClCompile>
  </ItemGroup>
  <ItemGroup>
    <ClInclude Include="Framework\App.h">
      <Filter>Framework</Filter>
    </ClInclude>
    <ClInclude Include="Framework\stdafx.h">
      <Filter>Framework</Filter>
    </ClInclude>
    <ClInclude Include="Core\XCore.h">
      <Filter>Core</Filter>
    </ClInclude>
    <ClInclude Include="Core\XStdafx.h">
      <Filter>Core</Filter>
    </ClInclude>
    <ClInclude Include="Core\Float2.h">
      <Filter>Core\Math</Filter>
    </ClInclude>
    <ClInclude Include="Core\Float3.h">
      <Filter>Core\Math</Filter>
    </ClInclude>
    <ClInclude Include="Core\Float4.h">
      <Filter>Core\Math</Filter>
    </ClInclude>
    <ClInclude Include="Core\Int2.h">
      <Filter>Core\Math</Filter>
    </ClInclude>
    <ClInclude Include="Core\Int3.h">
      <Filter>Core\Math</Filter>
    </ClInclude>
    <ClInclude Include="Core\Int4.h">
      <Filter>Core\Math</Filter>
    </ClInclude>
    <ClInclude Include="Core\Mat4.h">
      <Filter>Core\Math</Filter>
    </ClInclude>
    <ClInclude Include="Core\Quat.h">
      <Filter>Core\Math</Filter>
    </ClInclude>
    <ClInclude Include="Core\SharedPtr.h">
      <Filter>Core\Template</Filter>
    </ClInclude>
    <ClInclude Include="Core\Singleton.h">
      <Filter>Core\Template</Filter>
    </ClInclude>
  </ItemGroup>
  <ItemGroup>
    <Filter Include="Framework">
      <UniqueIdentifier>{1b4ef212-e1c7-4582-8bf6-419517001820}</UniqueIdentifier>
    </Filter>
    <Filter Include="Core">
      <UniqueIdentifier>{a2d239bf-9814-4cd8-8518-1e666c4a0168}</UniqueIdentifier>
    </Filter>
    <Filter Include="Core\Math">
      <UniqueIdentifier>{81783e02-c4f1-433a-b056-00911bf87af9}</UniqueIdentifier>
    </Filter>
    <Filter Include="Core\Template">
      <UniqueIdentifier>{ae13bc1d-27de-4a22-91e7-d127253b4d61}</UniqueIdentifier>
    </Filter>
  </ItemGroup>
</Project>