<?xml version="1.0" encoding="utf-8"?>
<Project ToolsVersion="4.0" xmlns="http://schemas.microsoft.com/developer/msbuild/2003">
  <ItemGroup>
    <Filter Include="Core">
      <UniqueIdentifier>{88c018b7-db7c-42e8-ace8-eb6287f3ff2b}</UniqueIdentifier>
    </Filter>
    <Filter Include="Framework">
      <UniqueIdentifier>{91214c43-bf54-4033-adf7-b533c16742b5}</UniqueIdentifier>
    </Filter>
    <Filter Include="Core\Renderer">
      <UniqueIdentifier>{511547ed-8a20-480e-a720-fdca1f2404ab}</UniqueIdentifier>
    </Filter>
    <Filter Include="Core\Template">
      <UniqueIdentifier>{9d3a4376-95fb-46f3-a4bd-71bb23aba8d9}</UniqueIdentifier>
    </Filter>
    <Filter Include="Core\Math">
      <UniqueIdentifier>{757de60a-1460-415d-a985-5ee7547400a7}</UniqueIdentifier>
    </Filter>
    <Filter Include="OpenGLRenderer">
      <UniqueIdentifier>{385c0775-8665-4162-a4e2-29eb78709c37}</UniqueIdentifier>
    </Filter>
    <Filter Include="Core\Resource">
      <UniqueIdentifier>{0fc0fd03-886e-4f8f-a676-caf8bc759438}</UniqueIdentifier>
    </Filter>
    <Filter Include="Core\Rml">
      <UniqueIdentifier>{d299ccf2-4fe9-44f2-9987-6d04c5976fd8}</UniqueIdentifier>
    </Filter>
  </ItemGroup>
  <ItemGroup>
    <ClCompile Include="Core\Float2.cpp">
      <Filter>Core\Math</Filter>
    </ClCompile>
    <ClCompile Include="Core\Float3.cpp">
      <Filter>Core\Math</Filter>
    </ClCompile>
    <ClCompile Include="Core\Float4.cpp">
      <Filter>Core\Math</Filter>
    </ClCompile>
    <ClCompile Include="Core\Mat4.cpp">
      <Filter>Core\Math</Filter>
    </ClCompile>
    <ClCompile Include="Core\Quat.cpp">
      <Filter>Core\Math</Filter>
    </ClCompile>
    <ClCompile Include="Framework\App.cpp">
      <Filter>Framework</Filter>
    </ClCompile>
    <ClCompile Include="Framework\WinMain.cpp">
      <Filter>Framework</Filter>
    </ClCompile>
    <ClCompile Include="OpenGLRender02-Primitive.cpp" />
    <ClCompile Include="GLRenderer.cpp">
      <Filter>OpenGLRenderer</Filter>
    </ClCompile>
    <ClCompile Include="GLContext.cpp">
      <Filter>OpenGLRenderer</Filter>
    </ClCompile>
    <ClCompile Include="GLBuffer.cpp">
      <Filter>OpenGLRenderer</Filter>
    </ClCompile>
    <ClCompile Include="GLShader.cpp">
      <Filter>OpenGLRenderer</Filter>
    </ClCompile>
    <ClCompile Include="Core\DataStream.cpp">
      <Filter>Core\Resource</Filter>
    </ClCompile>
    <ClCompile Include="Core\ResourceManager.cpp">
      <Filter>Core\Resource</Filter>
    </ClCompile>
    <ClCompile Include="Core\Buffer.cpp">
      <Filter>Core\Renderer</Filter>
    </ClCompile>
    <ClCompile Include="Core\Shader.cpp">
      <Filter>Core\Renderer</Filter>
    </ClCompile>
    <ClCompile Include="Core\Renderer.cpp">
      <Filter>Core\Renderer</Filter>
    </ClCompile>
    <ClCompile Include="..\ThirdParty\rml\MRml.cpp">
      <Filter>Core\Rml</Filter>
    </ClCompile>
  </ItemGroup>
  <ItemGroup>
    <ClInclude Include="Core\XCore.h">
      <Filter>Core</Filter>
    </ClInclude>
    <ClInclude Include="Core\XStdafx.h">
      <Filter>Core</Filter>
    </ClInclude>
    <ClInclude Include="Core\Float2.h">
      <Filter>Core\Math</Filter>
    </ClInclude>
    <ClInclude Include="Core\Float3.h">
      <Filter>Core\Math</Filter>
    </ClInclude>
    <ClInclude Include="Core\Float4.h">
      <Filter>Core\Math</Filter>
    </ClInclude>
    <ClInclude Include="Core\Int2.h">
      <Filter>Core\Math</Filter>
    </ClInclude>
    <ClInclude Include="Core\Int3.h">
      <Filter>Core\Math</Filter>
    </ClInclude>
    <ClInclude Include="Core\Int4.h">
      <Filter>Core\Math</Filter>
    </ClInclude>
    <ClInclude Include="Core\Mat4.h">
      <Filter>Core\Math</Filter>
    </ClInclude>
    <ClInclude Include="Core\Singleton.h">
      <Filter>Core\Template</Filter>
    </ClInclude>
    <ClInclude Include="Core\SharedPtr.h">
      <Filter>Core\Template</Filter>
    </ClInclude>
    <ClInclude Include="Core\Renderer.h">
      <Filter>Core\Renderer</Filter>
    </ClInclude>
    <ClInclude Include="Core\Quat.h">
      <Filter>Core\Math</Filter>
    </ClInclude>
    <ClInclude Include="Framework\App.h">
      <Filter>Framework</Filter>
    </ClInclude>
    <ClInclude Include="Framework\stdafx.h">
      <Filter>Framework</Filter>
    </ClInclude>
    <ClInclude Include="GLRenderer.h">
      <Filter>OpenGLRenderer</Filter>
    </ClInclude>
    <ClInclude Include="GLContext.h">
      <Filter>OpenGLRenderer</Filter>
    </ClInclude>
    <ClInclude Include="GLUtil.h">
      <Filter>OpenGLRenderer</Filter>
    </ClInclude>
    <ClInclude Include="GLBuffer.h">
      <Filter>OpenGLRenderer</Filter>
    </ClInclude>
    <ClInclude Include="GLShader.h">
      <Filter>OpenGLRenderer</Filter>
    </ClInclude>
    <ClInclude Include="Core\ResourceManager.h">
      <Filter>Core\Resource</Filter>
    </ClInclude>
    <ClInclude Include="Core\DataStream.h">
      <Filter>Core\Resource</Filter>
    </ClInclude>
    <ClInclude Include="Core\Buffer.h">
      <Filter>Core\Renderer</Filter>
    </ClInclude>
    <ClInclude Include="Core\RenderOp.h">
      <Filter>Core\Renderer</Filter>
    </ClInclude>
    <ClInclude Include="Core\Shader.h">
      <Filter>Core\Renderer</Filter>
    </ClInclude>
    <ClInclude Include="..\ThirdParty\rml\MRml.h">
      <Filter>Core\Rml</Filter>
    </ClInclude>
    <ClInclude Include="..\ThirdParty\rml\MRmlAllocator.h">
      <Filter>Core\Rml</Filter>
    </ClInclude>
  </ItemGroup>
</Project>